// !$*UTF8*$!
{
	archiveVersion = 1;
	classes = {
	};
	objectVersion = 46;
	objects = {

/* Begin PBXBuildFile section */
		186B4F281E2712AA00B4C0DF /* UIBarButtonItem+DYZB.m in Sources */ = {isa = PBXBuildFile; fileRef = 186B4F271E2712AA00B4C0DF /* UIBarButtonItem+DYZB.m */; };
		186B4F2B1E271BDB00B4C0DF /* DYZBHomeViewController.m in Sources */ = {isa = PBXBuildFile; fileRef = 186B4F2A1E271BDB00B4C0DF /* DYZBHomeViewController.m */; };
		18C5140D1E260B1E006F8D34 /* main.m in Sources */ = {isa = PBXBuildFile; fileRef = 18C5140C1E260B1E006F8D34 /* main.m */; };
		18C514101E260B1E006F8D34 /* AppDelegate.m in Sources */ = {isa = PBXBuildFile; fileRef = 18C5140F1E260B1E006F8D34 /* AppDelegate.m */; };
		18C514161E260B1E006F8D34 /* Main.storyboard in Resources */ = {isa = PBXBuildFile; fileRef = 18C514141E260B1E006F8D34 /* Main.storyboard */; };
		18C514181E260B1E006F8D34 /* Assets.xcassets in Resources */ = {isa = PBXBuildFile; fileRef = 18C514171E260B1E006F8D34 /* Assets.xcassets */; };
		B83917736B385E81A7D9ED48 /* libPods-DYZB.a in Frameworks */ = {isa = PBXBuildFile; fileRef = FF646BB7FF2973E3AC825121 /* libPods-DYZB.a */; };
/* End PBXBuildFile section */

/* Begin PBXFileReference section */
		186B4F261E2712AA00B4C0DF /* UIBarButtonItem+DYZB.h */ = {isa = PBXFileReference; fileEncoding = 4; lastKnownFileType = sourcecode.c.h; path = "UIBarButtonItem+DYZB.h"; sourceTree = "<group>"; };
		186B4F271E2712AA00B4C0DF /* UIBarButtonItem+DYZB.m */ = {isa = PBXFileReference; fileEncoding = 4; lastKnownFileType = sourcecode.c.objc; path = "UIBarButtonItem+DYZB.m"; sourceTree = "<group>"; };
		186B4F291E271BDB00B4C0DF /* DYZBHomeViewController.h */ = {isa = PBXFileReference; fileEncoding = 4; lastKnownFileType = sourcecode.c.h; path = DYZBHomeViewController.h; sourceTree = "<group>"; };
		186B4F2A1E271BDB00B4C0DF /* DYZBHomeViewController.m */ = {isa = PBXFileReference; fileEncoding = 4; lastKnownFileType = sourcecode.c.objc; path = DYZBHomeViewController.m; sourceTree = "<group>"; };
		18C514081E260B1E006F8D34 /* DYZB.app */ = {isa = PBXFileReference; explicitFileType = wrapper.application; includeInIndex = 0; path = DYZB.app; sourceTree = BUILT_PRODUCTS_DIR; };
		18C5140C1E260B1E006F8D34 /* main.m */ = {isa = PBXFileReference; lastKnownFileType = sourcecode.c.objc; path = main.m; sourceTree = "<group>"; };
		18C5140E1E260B1E006F8D34 /* AppDelegate.h */ = {isa = PBXFileReference; lastKnownFileType = sourcecode.c.h; path = AppDelegate.h; sourceTree = "<group>"; };
		18C5140F1E260B1E006F8D34 /* AppDelegate.m */ = {isa = PBXFileReference; lastKnownFileType = sourcecode.c.objc; path = AppDelegate.m; sourceTree = "<group>"; };
		18C514151E260B1E006F8D34 /* Base */ = {isa = PBXFileReference; lastKnownFileType = file.storyboard; name = Base; path = Base.lproj/Main.storyboard; sourceTree = "<group>"; };
		18C514171E260B1E006F8D34 /* Assets.xcassets */ = {isa = PBXFileReference; lastKnownFileType = folder.assetcatalog; path = Assets.xcassets; sourceTree = "<group>"; };
		18C5141C1E260B1E006F8D34 /* Info.plist */ = {isa = PBXFileReference; lastKnownFileType = text.plist.xml; path = Info.plist; sourceTree = "<group>"; };
		2FFA538E7CE5A8AC3FA6A6AF /* Pods-DYZB.release.xcconfig */ = {isa = PBXFileReference; includeInIndex = 1; lastKnownFileType = text.xcconfig; name = "Pods-DYZB.release.xcconfig"; path = "Pods/Target Support Files/Pods-DYZB/Pods-DYZB.release.xcconfig"; sourceTree = "<group>"; };
		F09FE894FBFBECD23B910BAA /* Pods-DYZB.debug.xcconfig */ = {isa = PBXFileReference; includeInIndex = 1; lastKnownFileType = text.xcconfig; name = "Pods-DYZB.debug.xcconfig"; path = "Pods/Target Support Files/Pods-DYZB/Pods-DYZB.debug.xcconfig"; sourceTree = "<group>"; };
		FF646BB7FF2973E3AC825121 /* libPods-DYZB.a */ = {isa = PBXFileReference; explicitFileType = archive.ar; includeInIndex = 0; path = "libPods-DYZB.a"; sourceTree = BUILT_PRODUCTS_DIR; };
/* End PBXFileReference section */

/* Begin PBXFrameworksBuildPhase section */
		18C514051E260B1E006F8D34 /* Frameworks */ = {
			isa = PBXFrameworksBuildPhase;
			buildActionMask = 2147483647;
			files = (
				B83917736B385E81A7D9ED48 /* libPods-DYZB.a in Frameworks */,
			);
			runOnlyForDeploymentPostprocessing = 0;
		};
/* End PBXFrameworksBuildPhase section */

/* Begin PBXGroup section */
		186B4F1D1E26210C00B4C0DF /* Classes */ = {
			isa = PBXGroup;
			children = (
				186B4F1E1E26210C00B4C0DF /* Follow(关注) */,
				186B4F1F1E26210C00B4C0DF /* Home(首页) */,
				186B4F201E26210C00B4C0DF /* Live(直播) */,
				186B4F211E26210C00B4C0DF /* Main(主要) */,
				186B4F221E26210C00B4C0DF /* Profile(我的) */,
				186B4F231E26210C00B4C0DF /* Tools(工具) */,
			);
			path = Classes;
			sourceTree = "<group>";
		};
		186B4F1E1E26210C00B4C0DF /* Follow(关注) */ = {
			isa = PBXGroup;
			children = (
			);
			name = "Follow(关注)";
			path = Follow;
			sourceTree = "<group>";
		};
		186B4F1F1E26210C00B4C0DF /* Home(首页) */ = {
			isa = PBXGroup;
			children = (
				186B4F291E271BDB00B4C0DF /* DYZBHomeViewController.h */,
				186B4F2A1E271BDB00B4C0DF /* DYZBHomeViewController.m */,
			);
			name = "Home(首页)";
			path = Home;
			sourceTree = "<group>";
		};
		186B4F201E26210C00B4C0DF /* Live(直播) */ = {
			isa = PBXGroup;
			children = (
			);
			name = "Live(直播)";
			path = Live;
			sourceTree = "<group>";
		};
		186B4F211E26210C00B4C0DF /* Main(主要) */ = {
			isa = PBXGroup;
			children = (
			);
			name = "Main(主要)";
			path = Main;
			sourceTree = "<group>";
		};
		186B4F221E26210C00B4C0DF /* Profile(我的) */ = {
			isa = PBXGroup;
			children = (
			);
			name = "Profile(我的)";
			path = Profile;
			sourceTree = "<group>";
		};
		186B4F231E26210C00B4C0DF /* Tools(工具) */ = {
			isa = PBXGroup;
			children = (
				186B4F241E27104300B4C0DF /* category */,
			);
			name = "Tools(工具)";
			path = Tools;
			sourceTree = "<group>";
		};
		186B4F241E27104300B4C0DF /* category */ = {
			isa = PBXGroup;
			children = (
				186B4F261E2712AA00B4C0DF /* UIBarButtonItem+DYZB.h */,
				186B4F271E2712AA00B4C0DF /* UIBarButtonItem+DYZB.m */,
			);
			path = category;
			sourceTree = "<group>";
		};
		18C513FF1E260B1E006F8D34 = {
			isa = PBXGroup;
			children = (
				18C5140A1E260B1E006F8D34 /* DYZB */,
				18C514091E260B1E006F8D34 /* Products */,
				809F46F45139E58B44275E7A /* Pods */,
				56040938147B067F4CE1CF40 /* Frameworks */,
			);
			sourceTree = "<group>";
		};
		18C514091E260B1E006F8D34 /* Products */ = {
			isa = PBXGroup;
			children = (
				18C514081E260B1E006F8D34 /* DYZB.app */,
			);
			name = Products;
			sourceTree = "<group>";
		};
		18C5140A1E260B1E006F8D34 /* DYZB */ = {
			isa = PBXGroup;
			children = (
				18C5140E1E260B1E006F8D34 /* AppDelegate.h */,
				18C5140F1E260B1E006F8D34 /* AppDelegate.m */,
				186B4F1D1E26210C00B4C0DF /* Classes */,
				18C514141E260B1E006F8D34 /* Main.storyboard */,
				18C514171E260B1E006F8D34 /* Assets.xcassets */,
				18C5141C1E260B1E006F8D34 /* Info.plist */,
				18C5140B1E260B1E006F8D34 /* Supporting Files */,
			);
			path = DYZB;
			sourceTree = "<group>";
		};
		18C5140B1E260B1E006F8D34 /* Supporting Files */ = {
			isa = PBXGroup;
			children = (
				18C5140C1E260B1E006F8D34 /* main.m */,
			);
			name = "Supporting Files";
			sourceTree = "<group>";
		};
		56040938147B067F4CE1CF40 /* Frameworks */ = {
			isa = PBXGroup;
			children = (
				FF646BB7FF2973E3AC825121 /* libPods-DYZB.a */,
			);
			name = Frameworks;
			sourceTree = "<group>";
		};
		809F46F45139E58B44275E7A /* Pods */ = {
			isa = PBXGroup;
			children = (
				F09FE894FBFBECD23B910BAA /* Pods-DYZB.debug.xcconfig */,
				2FFA538E7CE5A8AC3FA6A6AF /* Pods-DYZB.release.xcconfig */,
			);
			name = Pods;
			sourceTree = "<group>";
		};
/* End PBXGroup section */

/* Begin PBXNativeTarget section */
		18C514071E260B1E006F8D34 /* DYZB */ = {
			isa = PBXNativeTarget;
			buildConfigurationList = 18C5141F1E260B1E006F8D34 /* Build configuration list for PBXNativeTarget "DYZB" */;
			buildPhases = (
				2FB588B153CB1D57305AB6BB /* [CP] Check Pods Manifest.lock */,
				18C514041E260B1E006F8D34 /* Sources */,
				18C514051E260B1E006F8D34 /* Frameworks */,
				18C514061E260B1E006F8D34 /* Resources */,
				0293020F8B57C97BC6FA6879 /* [CP] Embed Pods Frameworks */,
				732519ECDA5C6A2D00547818 /* [CP] Copy Pods Resources */,
			);
			buildRules = (
			);
			dependencies = (
			);
			name = DYZB;
			productName = DYZB;
			productReference = 18C514081E260B1E006F8D34 /* DYZB.app */;
			productType = "com.apple.product-type.application";
		};
/* End PBXNativeTarget section */

/* Begin PBXProject section */
		18C514001E260B1E006F8D34 /* Project object */ = {
			isa = PBXProject;
			attributes = {
				LastUpgradeCheck = 0800;
				ORGANIZATIONNAME = "Apple's Mac";
				TargetAttributes = {
					18C514071E260B1E006F8D34 = {
						CreatedOnToolsVersion = 8.0;
						DevelopmentTeam = CT4B4CB6GL;
						ProvisioningStyle = Automatic;
					};
				};
			};
			buildConfigurationList = 18C514031E260B1E006F8D34 /* Build configuration list for PBXProject "DYZB" */;
			compatibilityVersion = "Xcode 3.2";
			developmentRegion = English;
			hasScannedForEncodings = 0;
			knownRegions = (
				en,
				Base,
			);
			mainGroup = 18C513FF1E260B1E006F8D34;
			productRefGroup = 18C514091E260B1E006F8D34 /* Products */;
			projectDirPath = "";
			projectRoot = "";
			targets = (
				18C514071E260B1E006F8D34 /* DYZB */,
			);
		};
/* End PBXProject section */

/* Begin PBXResourcesBuildPhase section */
		18C514061E260B1E006F8D34 /* Resources */ = {
			isa = PBXResourcesBuildPhase;
			buildActionMask = 2147483647;
			files = (
				18C514181E260B1E006F8D34 /* Assets.xcassets in Resources */,
				18C514161E260B1E006F8D34 /* Main.storyboard in Resources */,
			);
			runOnlyForDeploymentPostprocessing = 0;
		};
/* End PBXResourcesBuildPhase section */

/* Begin PBXShellScriptBuildPhase section */
		0293020F8B57C97BC6FA6879 /* [CP] Embed Pods Frameworks */ = {
			isa = PBXShellScriptBuildPhase;
			buildActionMask = 2147483647;
			files = (
			);
			inputPaths = (
			);
			name = "[CP] Embed Pods Frameworks";
			outputPaths = (
			);
			runOnlyForDeploymentPostprocessing = 0;
			shellPath = /bin/sh;
			shellScript = "\"${SRCROOT}/Pods/Target Support Files/Pods-DYZB/Pods-DYZB-frameworks.sh\"\n";
			showEnvVarsInLog = 0;
		};
		2FB588B153CB1D57305AB6BB /* [CP] Check Pods Manifest.lock */ = {
			isa = PBXShellScriptBuildPhase;
			buildActionMask = 2147483647;
			files = (
			);
			inputPaths = (
			);
			name = "[CP] Check Pods Manifest.lock";
			outputPaths = (
			);
			runOnlyForDeploymentPostprocessing = 0;
			shellPath = /bin/sh;
			shellScript = "diff \"${PODS_ROOT}/../Podfile.lock\" \"${PODS_ROOT}/Manifest.lock\" > /dev/null\nif [ $? != 0 ] ; then\n    # print error to STDERR\n    echo \"error: The sandbox is not in sync with the Podfile.lock. Run 'pod install' or update your CocoaPods installation.\" >&2\n    exit 1\nfi\n";
			showEnvVarsInLog = 0;
		};
		732519ECDA5C6A2D00547818 /* [CP] Copy Pods Resources */ = {
			isa = PBXShellScriptBuildPhase;
			buildActionMask = 2147483647;
			files = (
			);
			inputPaths = (
			);
			name = "[CP] Copy Pods Resources";
			outputPaths = (
			);
			runOnlyForDeploymentPostprocessing = 0;
			shellPath = /bin/sh;
			shellScript = "\"${SRCROOT}/Pods/Target Support Files/Pods-DYZB/Pods-DYZB-resources.sh\"\n";
			showEnvVarsInLog = 0;
		};
/* End PBXShellScriptBuildPhase section */

/* Begin PBXSourcesBuildPhase section */
		18C514041E260B1E006F8D34 /* Sources */ = {
			isa = PBXSourcesBuildPhase;
			buildActionMask = 2147483647;
			files = (
				186B4F2B1E271BDB00B4C0DF /* DYZBHomeViewController.m in Sources */,
				186B4F281E2712AA00B4C0DF /* UIBarButtonItem+DYZB.m in Sources */,
				18C514101E260B1E006F8D34 /* AppDelegate.m in Sources */,
				18C5140D1E260B1E006F8D34 /* main.m in Sources */,
			);
			runOnlyForDeploymentPostprocessing = 0;
		};
/* End PBXSourcesBuildPhase section */

/* Begin PBXVariantGroup section */
		18C514141E260B1E006F8D34 /* Main.storyboard */ = {
			isa = PBXVariantGroup;
			children = (
				18C514151E260B1E006F8D34 /* Base */,
			);
			name = Main.storyboard;
			sourceTree = "<group>";
		};
/* End PBXVariantGroup section */

/* Begin XCBuildConfiguration section */
		18C5141D1E260B1E006F8D34 /* Debug */ = {
			isa = XCBuildConfiguration;
			buildSettings = {
				ALWAYS_SEARCH_USER_PATHS = NO;
				CLANG_ANALYZER_NONNULL = YES;
				CLANG_CXX_LANGUAGE_STANDARD = "gnu++0x";
				CLANG_CXX_LIBRARY = "libc++";
				CLANG_ENABLE_MODULES = YES;
				CLANG_ENABLE_OBJC_ARC = YES;
				CLANG_WARN_BOOL_CONVERSION = YES;
				CLANG_WARN_CONSTANT_CONVERSION = YES;
				CLANG_WARN_DIRECT_OBJC_ISA_USAGE = YES_ERROR;
				CLANG_WARN_DOCUMENTATION_COMMENTS = YES;
				CLANG_WARN_EMPTY_BODY = YES;
				CLANG_WARN_ENUM_CONVERSION = YES;
				CLANG_WARN_INFINITE_RECURSION = YES;
				CLANG_WARN_INT_CONVERSION = YES;
				CLANG_WARN_OBJC_ROOT_CLASS = YES_ERROR;
				CLANG_WARN_SUSPICIOUS_MOVES = YES;
				CLANG_WARN_UNREACHABLE_CODE = YES;
				CLANG_WARN__DUPLICATE_METHOD_MATCH = YES;
				"CODE_SIGN_IDENTITY[sdk=iphoneos*]" = "iPhone Developer";
				COPY_PHASE_STRIP = NO;
				DEBUG_INFORMATION_FORMAT = dwarf;
				ENABLE_STRICT_OBJC_MSGSEND = YES;
				ENABLE_TESTABILITY = YES;
				GCC_C_LANGUAGE_STANDARD = gnu99;
				GCC_DYNAMIC_NO_PIC = NO;
				GCC_NO_COMMON_BLOCKS = YES;
				GCC_OPTIMIZATION_LEVEL = 0;
				GCC_PREPROCESSOR_DEFINITIONS = (
					"DEBUG=1",
					"$(inherited)",
				);
				GCC_WARN_64_TO_32_BIT_CONVERSION = YES;
				GCC_WARN_ABOUT_RETURN_TYPE = YES_ERROR;
				GCC_WARN_UNDECLARED_SELECTOR = YES;
				GCC_WARN_UNINITIALIZED_AUTOS = YES_AGGRESSIVE;
				GCC_WARN_UNUSED_FUNCTION = YES;
				GCC_WARN_UNUSED_VARIABLE = YES;
				IPHONEOS_DEPLOYMENT_TARGET = 10.0;
				MTL_ENABLE_DEBUG_INFO = YES;
				ONLY_ACTIVE_ARCH = YES;
				SDKROOT = iphoneos;
			};
			name = Debug;
		};
		18C5141E1E260B1E006F8D34 /* Release */ = {
			isa = XCBuildConfiguration;
			buildSettings = {
				ALWAYS_SEARCH_USER_PATHS = NO;
				CLANG_ANALYZER_NONNULL = YES;
				CLANG_CXX_LANGUAGE_STANDARD = "gnu++0x";
				CLANG_CXX_LIBRARY = "libc++";
				CLANG_ENABLE_MODULES = YES;
				CLANG_ENABLE_OBJC_ARC = YES;
				CLANG_WARN_BOOL_CONVERSION = YES;
				CLANG_WARN_CONSTANT_CONVERSION = YES;
				CLANG_WARN_DIRECT_OBJC_ISA_USAGE = YES_ERROR;
				CLANG_WARN_DOCUMENTATION_COMMENTS = YES;
				CLANG_WARN_EMPTY_BODY = YES;
				CLANG_WARN_ENUM_CONVERSION = YES;
				CLANG_WARN_INFINITE_RECURSION = YES;
				CLANG_WARN_INT_CONVERSION = YES;
				CLANG_WARN_OBJC_ROOT_CLASS = YES_ERROR;
				CLANG_WARN_SUSPICIOUS_MOVES = YES;
				CLANG_WARN_UNREACHABLE_CODE = YES;
				CLANG_WARN__DUPLICATE_METHOD_MATCH = YES;
				"CODE_SIGN_IDENTITY[sdk=iphoneos*]" = "iPhone Developer";
				COPY_PHASE_STRIP = NO;
				DEBUG_INFORMATION_FORMAT = "dwarf-with-dsym";
				ENABLE_NS_ASSERTIONS = NO;
				ENABLE_STRICT_OBJC_MSGSEND = YES;
				GCC_C_LANGUAGE_STANDARD = gnu99;
				GCC_NO_COMMON_BLOCKS = YES;
				GCC_WARN_64_TO_32_BIT_CONVERSION = YES;
				GCC_WARN_ABOUT_RETURN_TYPE = YES_ERROR;
				GCC_WARN_UNDECLARED_SELECTOR = YES;
				GCC_WARN_UNINITIALIZED_AUTOS = YES_AGGRESSIVE;
				GCC_WARN_UNUSED_FUNCTION = YES;
				GCC_WARN_UNUSED_VARIABLE = YES;
				IPHONEOS_DEPLOYMENT_TARGET = 10.0;
				MTL_ENABLE_DEBUG_INFO = NO;
				SDKROOT = iphoneos;
				VALIDATE_PRODUCT = YES;
			};
			name = Release;
		};
		18C514201E260B1E006F8D34 /* Debug */ = {
			isa = XCBuildConfiguration;
			baseConfigurationReference = F09FE894FBFBECD23B910BAA /* Pods-DYZB.debug.xcconfig */;
			buildSettings = {
				ASSETCATALOG_COMPILER_APPICON_NAME = AppIcon;
				ASSETCATALOG_COMPILER_LAUNCHIMAGE_NAME = LaunchImage;
				DEVELOPMENT_TEAM = CT4B4CB6GL;
				INFOPLIST_FILE = DYZB/Info.plist;
				IPHONEOS_DEPLOYMENT_TARGET = 8.0;
				LD_RUNPATH_SEARCH_PATHS = "$(inherited) @executable_path/Frameworks";
				PRODUCT_BUNDLE_IDENTIFIER = com.sanmi.YiYuanDuoBao.DYZB;
				PRODUCT_NAME = "$(TARGET_NAME)";
			};
			name = Debug;
		};
		18C514211E260B1E006F8D34 /* Release */ = {
			isa = XCBuildConfiguration;
			baseConfigurationReference = 2FFA538E7CE5A8AC3FA6A6AF /* Pods-DYZB.release.xcconfig */;
			buildSettings = {
				ASSETCATALOG_COMPILER_APPICON_NAME = AppIcon;
				ASSETCATALOG_COMPILER_LAUNCHIMAGE_NAME = LaunchImage;
				DEVELOPMENT_TEAM = CT4B4CB6GL;
				INFOPLIST_FILE = DYZB/Info.plist;
				IPHONEOS_DEPLOYMENT_TARGET = 8.0;
				LD_RUNPATH_SEARCH_PATHS = "$(inherited) @executable_path/Frameworks";
				PRODUCT_BUNDLE_IDENTIFIER = com.sanmi.YiYuanDuoBao.DYZB;
				PRODUCT_NAME = "$(TARGET_NAME)";
			};
			name = Release;
		};
/* End XCBuildConfiguration section */

/* Begin XCConfigurationList section */
		18C514031E260B1E006F8D34 /* Build configuration list for PBXProject "DYZB" */ = {
			isa = XCConfigurationList;
			buildConfigurations = (
				18C5141D1E260B1E006F8D34 /* Debug */,
				18C5141E1E260B1E006F8D34 /* Release */,
			);
			defaultConfigurationIsVisible = 0;
			defaultConfigurationName = Release;
		};
		18C5141F1E260B1E006F8D34 /* Build configuration list for PBXNativeTarget "DYZB" */ = {
			isa = XCConfigurationList;
			buildConfigurations = (
				18C514201E260B1E006F8D34 /* Debug */,
				18C514211E260B1E006F8D34 /* Release */,
			);
			defaultConfigurationIsVisible = 0;
			defaultConfigurationName = Release;
		};
/* End XCConfigurationList section */
	};
	rootObject = 18C514001E260B1E006F8D34 /* Project object */;
}
